// !$*UTF8*$!
{
	archiveVersion = 1;
	classes = {
	};
	objectVersion = 46;
	objects = {

/* Begin PBXBuildFile section */
		BA6B5F9E17BAC56500164740 /* Foundation.framework in Frameworks */ = {isa = PBXBuildFile; fileRef = BA6B5F9D17BAC56500164740 /* Foundation.framework */; };
		BA6B5FA117BAC56500164740 /* main.mm in Sources */ = {isa = PBXBuildFile; fileRef = BA6B5FA017BAC56500164740 /* main.mm */; };
		BA6B5FA517BAC56500164740 /* reverselinked.1 in CopyFiles */ = {isa = PBXBuildFile; fileRef = BA6B5FA417BAC56500164740 /* reverselinked.1 */; };
/* End PBXBuildFile section */

/* Begin PBXCopyFilesBuildPhase section */
		BA6B5F9817BAC56500164740 /* CopyFiles */ = {
			isa = PBXCopyFilesBuildPhase;
			buildActionMask = 2147483647;
			dstPath = /usr/share/man/man1/;
			dstSubfolderSpec = 0;
			files = (
				BA6B5FA517BAC56500164740 /* reverselinked.1 in CopyFiles */,
			);
			runOnlyForDeploymentPostprocessing = 1;
		};
/* End PBXCopyFilesBuildPhase section */

/* Begin PBXFileReference section */
		BA6B5F9A17BAC56500164740 /* reverselinked */ = {isa = PBXFileReference; explicitFileType = "compiled.mach-o.executable"; includeInIndex = 0; path = reverselinked; sourceTree = BUILT_PRODUCTS_DIR; };
		BA6B5F9D17BAC56500164740 /* Foundation.framework */ = {isa = PBXFileReference; lastKnownFileType = wrapper.framework; name = Foundation.framework; path = System/Library/Frameworks/Foundation.framework; sourceTree = SDKROOT; };
		BA6B5FA017BAC56500164740 /* main.mm */ = {isa = PBXFileReference; lastKnownFileType = sourcecode.cpp.objcpp; path = main.mm; sourceTree = "<group>"; };
		BA6B5FA317BAC56500164740 /* reverselinked-Prefix.pch */ = {isa = PBXFileReference; lastKnownFileType = sourcecode.c.h; path = "reverselinked-Prefix.pch"; sourceTree = "<group>"; };
		BA6B5FA417BAC56500164740 /* reverselinked.1 */ = {isa = PBXFileReference; lastKnownFileType = text.man; path = reverselinked.1; sourceTree = "<group>"; };
/* End PBXFileReference section */

/* Begin PBXFrameworksBuildPhase section */
		BA6B5F9717BAC56500164740 /* Frameworks */ = {
			isa = PBXFrameworksBuildPhase;
			buildActionMask = 2147483647;
			files = (
				BA6B5F9E17BAC56500164740 /* Foundation.framework in Frameworks */,
			);
			runOnlyForDeploymentPostprocessing = 0;
		};
/* End PBXFrameworksBuildPhase section */

/* Begin PBXGroup section */
		BA6B5F9117BAC56500164740 = {
			isa = PBXGroup;
			children = (
				BA6B5F9F17BAC56500164740 /* reverselinked */,
				BA6B5F9C17BAC56500164740 /* Frameworks */,
				BA6B5F9B17BAC56500164740 /* Products */,
			);
			sourceTree = "<group>";
		};
		BA6B5F9B17BAC56500164740 /* Products */ = {
			isa = PBXGroup;
			children = (
				BA6B5F9A17BAC56500164740 /* reverselinked */,
			);
			name = Products;
			sourceTree = "<group>";
		};
		BA6B5F9C17BAC56500164740 /* Frameworks */ = {
			isa = PBXGroup;
			children = (
				BA6B5F9D17BAC56500164740 /* Foundation.framework */,
			);
			name = Frameworks;
			sourceTree = "<group>";
		};
		BA6B5F9F17BAC56500164740 /* reverselinked */ = {
			isa = PBXGroup;
			children = (
				BA6B5FA017BAC56500164740 /* main.mm */,
				BA6B5FA417BAC56500164740 /* reverselinked.1 */,
				BA6B5FA217BAC56500164740 /* Supporting Files */,
			);
			path = reverselinked;
			sourceTree = "<group>";
		};
		BA6B5FA217BAC56500164740 /* Supporting Files */ = {
			isa = PBXGroup;
			children = (
				BA6B5FA317BAC56500164740 /* reverselinked-Prefix.pch */,
			);
			name = "Supporting Files";
			sourceTree = "<group>";
		};
/* End PBXGroup section */

/* Begin PBXNativeTarget section */
		BA6B5F9917BAC56500164740 /* reverselinked */ = {
			isa = PBXNativeTarget;
			buildConfigurationList = BA6B5FA817BAC56500164740 /* Build configuration list for PBXNativeTarget "reverselinked" */;
			buildPhases = (
				BA6B5F9617BAC56500164740 /* Sources */,
				BA6B5F9717BAC56500164740 /* Frameworks */,
				BA6B5F9817BAC56500164740 /* CopyFiles */,
			);
			buildRules = (
			);
			dependencies = (
			);
			name = reverselinked;
			productName = reverselinked;
			productReference = BA6B5F9A17BAC56500164740 /* reverselinked */;
			productType = "com.apple.product-type.tool";
		};
/* End PBXNativeTarget section */

/* Begin PBXProject section */
		BA6B5F9217BAC56500164740 /* Project object */ = {
			isa = PBXProject;
			attributes = {
				LastUpgradeCheck = 0460;
				ORGANIZATIONNAME = m;
			};
			buildConfigurationList = BA6B5F9517BAC56500164740 /* Build configuration list for PBXProject "reverselinked" */;
			compatibilityVersion = "Xcode 3.2";
			developmentRegion = English;
			hasScannedForEncodings = 0;
			knownRegions = (
				en,
			);
			mainGroup = BA6B5F9117BAC56500164740;
			productRefGroup = BA6B5F9B17BAC56500164740 /* Products */;
			projectDirPath = "";
			projectRoot = "";
			targets = (
				BA6B5F9917BAC56500164740 /* reverselinked */,
			);
		};
/* End PBXProject section */

/* Begin PBXSourcesBuildPhase section */
		BA6B5F9617BAC56500164740 /* Sources */ = {
			isa = PBXSourcesBuildPhase;
			buildActionMask = 2147483647;
			files = (
				BA6B5FA117BAC56500164740 /* main.mm in Sources */,
			);
			runOnlyForDeploymentPostprocessing = 0;
		};
/* End PBXSourcesBuildPhase section */

/* Begin XCBuildConfiguration section */
		BA6B5FA617BAC56500164740 /* Debug */ = {
			isa = XCBuildConfiguration;
			buildSettings = {
				ALWAYS_SEARCH_USER_PATHS = NO;
				ARCHS = "$(ARCHS_STANDARD_64_BIT)";
				CLANG_CXX_LANGUAGE_STANDARD = "gnu++0x";
				CLANG_CXX_LIBRARY = "libc++";
				CLANG_ENABLE_OBJC_ARC = YES;
				CLANG_WARN_CONSTANT_CONVERSION = YES;
				CLANG_WARN_EMPTY_BODY = YES;
				CLANG_WARN_ENUM_CONVERSION = YES;
				CLANG_WARN_INT_CONVERSION = YES;
				CLANG_WARN__DUPLICATE_METHOD_MATCH = YES;
				COPY_PHASE_STRIP = NO;
				GCC_C_LANGUAGE_STANDARD = gnu99;
				GCC_DYNAMIC_NO_PIC = NO;
				GCC_ENABLE_OBJC_EXCEPTIONS = YES;
				GCC_OPTIMIZATION_LEVEL = 0;
				GCC_PREPROCESSOR_DEFINITIONS = (
					"DEBUG=1",
					"$(inherited)",
				);
				GCC_SYMBOLS_PRIVATE_EXTERN = NO;
				GCC_WARN_64_TO_32_BIT_CONVERSION = YES;
				GCC_WARN_ABOUT_RETURN_TYPE = YES;
				GCC_WARN_UNINITIALIZED_AUTOS = YES;
				GCC_WARN_UNUSED_VARIABLE = YES;
				MACOSX_DEPLOYMENT_TARGET = 10.8;
				ONLY_ACTIVE_ARCH = YES;
				SDKROOT = macosx;
			};
			name = Debug;
		};
		BA6B5FA717BAC56500164740 /* Release */ = {
			isa = XCBuildConfiguration;
			buildSettings = {
				ALWAYS_SEARCH_USER_PATHS = NO;
				ARCHS = "$(ARCHS_STANDARD_64_BIT)";
				CLANG_CXX_LANGUAGE_STANDARD = "gnu++0x";
				CLANG_CXX_LIBRARY = "libc++";
				CLANG_ENABLE_OBJC_ARC = YES;
				CLANG_WARN_CONSTANT_CONVERSION = YES;
				CLANG_WARN_EMPTY_BODY = YES;
				CLANG_WARN_ENUM_CONVERSION = YES;
				CLANG_WARN_INT_CONVERSION = YES;
				CLANG_WARN__DUPLICATE_METHOD_MATCH = YES;
				COPY_PHASE_STRIP = YES;
				DEBUG_INFORMATION_FORMAT = "dwarf-with-dsym";
				GCC_C_LANGUAGE_STANDARD = gnu99;
				GCC_ENABLE_OBJC_EXCEPTIONS = YES;
				GCC_WARN_64_TO_32_BIT_CONVERSION = YES;
				GCC_WARN_ABOUT_RETURN_TYPE = YES;
				GCC_WARN_UNINITIALIZED_AUTOS = YES;
				GCC_WARN_UNUSED_VARIABLE = YES;
				MACOSX_DEPLOYMENT_TARGET = 10.8;
				SDKROOT = macosx;
			};
			name = Release;
		};
		BA6B5FA917BAC56500164740 /* Debug */ = {
			isa = XCBuildConfiguration;
			buildSettings = {
				GCC_PRECOMPILE_PREFIX_HEADER = YES;
				GCC_PREFIX_HEADER = "reverselinked/reverselinked-Prefix.pch";
				PRODUCT_NAME = "$(TARGET_NAME)";
			};
			name = Debug;
		};
		BA6B5FAA17BAC56500164740 /* Release */ = {
			isa = XCBuildConfiguration;
			buildSettings = {
				GCC_PRECOMPILE_PREFIX_HEADER = YES;
				GCC_PREFIX_HEADER = "reverselinked/reverselinked-Prefix.pch";
				PRODUCT_NAME = "$(TARGET_NAME)";
			};
			name = Release;
		};
/* End XCBuildConfiguration section */

/* Begin XCConfigurationList section */
		BA6B5F9517BAC56500164740 /* Build configuration list for PBXProject "reverselinked" */ = {
			isa = XCConfigurationList;
			buildConfigurations = (
				BA6B5FA617BAC56500164740 /* Debug */,
				BA6B5FA717BAC56500164740 /* Release */,
			);
			defaultConfigurationIsVisible = 0;
			defaultConfigurationName = Release;
		};
		BA6B5FA817BAC56500164740 /* Build configuration list for PBXNativeTarget "reverselinked" */ = {
			isa = XCConfigurationList;
			buildConfigurations = (
				BA6B5FA917BAC56500164740 /* Debug */,
				BA6B5FAA17BAC56500164740 /* Release */,
			);
			defaultConfigurationIsVisible = 0;
		};
/* End XCConfigurationList section */
	};
	rootObject = BA6B5F9217BAC56500164740 /* Project object */;
}
